
Microsoft Visual Studio Solution File, Format Version 12.00
# Visual Studio 14
VisualStudioVersion = 14.0.25420.1
MinimumVisualStudioVersion = 10.0.40219.1
Project("{FAE04EC0-301F-11D3-BF4B-00C04F79EFBC}") = "TestApp", "TestApp\TestApp.csproj", "{93A6B666-7AE8-417E-88AE-F9B089EDB31F}"
EndProject
Project("{FAE04EC0-301F-11D3-BF4B-00C04F79EFBC}") = "TestApp.Tests", "TestApp.Tests\TestApp.Tests.csproj", "{5A206CAE-A3AF-4515-8352-FDF29D4CB6EE}"
EndProject
Project("{F2A71F9B-5D33-465A-A702-920D77279786}") = "Crud.Business", "Crud.Business\Crud.Business.fsproj", "{09547E40-B859-49B7-91CF-2F9F3092BDA3}"
EndProject
Project("{FAE04EC0-301F-11D3-BF4B-00C04F79EFBC}") = "Crud.Data", "Crud.Data\Crud.Data.csproj", "{599F7719-4C73-4EA5-8B50-736580FFFD30}"
EndProject
Global
	GlobalSection(SolutionConfigurationPlatforms) = preSolution
		Debug|Any CPU = Debug|Any CPU
		Release|Any CPU = Release|Any CPU
	EndGlobalSection
	GlobalSection(ProjectConfigurationPlatforms) = postSolution
		{93A6B666-7AE8-417E-88AE-F9B089EDB31F}.Debug|Any CPU.ActiveCfg = Debug|Any CPU
		{93A6B666-7AE8-417E-88AE-F9B089EDB31F}.Debug|Any CPU.Build.0 = Debug|Any CPU
		{93A6B666-7AE8-417E-88AE-F9B089EDB31F}.Release|Any CPU.ActiveCfg = Release|Any CPU
		{93A6B666-7AE8-417E-88AE-F9B089EDB31F}.Release|Any CPU.Build.0 = Release|Any CPU
		{5A206CAE-A3AF-4515-8352-FDF29D4CB6EE}.Debug|Any CPU.ActiveCfg = Debug|Any CPU
		{5A206CAE-A3AF-4515-8352-FDF29D4CB6EE}.Debug|Any CPU.Build.0 = Debug|Any CPU
		{5A206CAE-A3AF-4515-8352-FDF29D4CB6EE}.Release|Any CPU.ActiveCfg = Release|Any CPU
		{5A206CAE-A3AF-4515-8352-FDF29D4CB6EE}.Release|Any CPU.Build.0 = Release|Any CPU
		{09547E40-B859-49B7-91CF-2F9F3092BDA3}.Debug|Any CPU.ActiveCfg = Debug|Any CPU
		{09547E40-B859-49B7-91CF-2F9F3092BDA3}.Debug|Any CPU.Build.0 = Debug|Any CPU
		{09547E40-B859-49B7-91CF-2F9F3092BDA3}.Release|Any CPU.ActiveCfg = Release|Any CPU
		{09547E40-B859-49B7-91CF-2F9F3092BDA3}.Release|Any CPU.Build.0 = Release|Any CPU
		{599F7719-4C73-4EA5-8B50-736580FFFD30}.Debug|Any CPU.ActiveCfg = Debug|Any CPU
		{599F7719-4C73-4EA5-8B50-736580FFFD30}.Debug|Any CPU.Build.0 = Debug|Any CPU
		{599F7719-4C73-4EA5-8B50-736580FFFD30}.Release|Any CPU.ActiveCfg = Release|Any CPU
		{599F7719-4C73-4EA5-8B50-736580FFFD30}.Release|Any CPU.Build.0 = Release|Any CPU
	EndGlobalSection
	GlobalSection(SolutionProperties) = preSolution
		HideSolutionNode = FALSE
	EndGlobalSection
EndGlobal
